
Microsoft Visual Studio Solution File, Format Version 12.00
Project("{FAE04EC0-301F-11D3-BF4B-00C04F79EFBC}") = "XmlGenerateCsClass", "XmlGenerateCsClass\XmlGenerateCsClass.csproj", "{5F72685B-0BE2-4BC7-B068-45444CC1816F}"
EndProject
Project("{FAE04EC0-301F-11D3-BF4B-00C04F79EFBC}") = "MultipleXmlDocumentsToCsClass", "MultipleXmlDocumentsToCsClass\MultipleXmlDocumentsToCsClass.csproj", "{5FC09015-49F7-436D-9F31-A216249E89C4}"
EndProject
Global
	GlobalSection(SolutionConfigurationPlatforms) = preSolution
		Debug|Any CPU = Debug|Any CPU
		Release|Any CPU = Release|Any CPU
	EndGlobalSection
	GlobalSection(ProjectConfigurationPlatforms) = postSolution
		{5F72685B-0BE2-4BC7-B068-45444CC1816F}.Debug|Any CPU.ActiveCfg = Debug|Any CPU
		{5F72685B-0BE2-4BC7-B068-45444CC1816F}.Debug|Any CPU.Build.0 = Debug|Any CPU
		{5F72685B-0BE2-4BC7-B068-45444CC1816F}.Release|Any CPU.ActiveCfg = Release|Any CPU
		{5F72685B-0BE2-4BC7-B068-45444CC1816F}.Release|Any CPU.Build.0 = Release|Any CPU
		{5FC09015-49F7-436D-9F31-A216249E89C4}.Debug|Any CPU.ActiveCfg = Debug|Any CPU
		{5FC09015-49F7-436D-9F31-A216249E89C4}.Debug|Any CPU.Build.0 = Debug|Any CPU
		{5FC09015-49F7-436D-9F31-A216249E89C4}.Release|Any CPU.ActiveCfg = Release|Any CPU
		{5FC09015-49F7-436D-9F31-A216249E89C4}.Release|Any CPU.Build.0 = Release|Any CPU
	EndGlobalSection
EndGlobal
